{
  "requires": true,
  "lockfileVersion": 1,
  "dependencies": {
    "dexie": {
      "version": "3.0.1",
      "resolved": "https://registry.npmjs.org/dexie/-/dexie-3.0.1.tgz",
      "integrity": "sha512-/s4KzlaerQnCad/uY1ZNdFckTrbdMVhLlziYQzz62Ff9Ick1lHGomvTXNfwh4ApEZATyXRyVk5F6/y8UU84B0w=="
    }
  }
}
